Microsoft Visual Studio Solution File, Format Version 12.00
# Visual Studio Version 17
VisualStudioVersion = 17.9.34622.214
MinimumVisualStudioVersion = 10.0.40219.1
Project("{9A19103F-16F7-4668-BE54-9A1E7A4F7556}") = "Lab4Array", "Lab4Array\Lab4Array.csproj", "{52501400-2D0A-484A-BD86-2E3A4C68CDA0}"
EndProject
Project("{9A19103F-16F7-4668-BE54-9A1E7A4F7556}") = "Lab4ArrayTests", "Lab4ArrayTests\Lab4ArrayTests.csproj", "{C595EEF8-0E9C-4F56-8E55-08B9980652BD}"
EndProject
Global
	GlobalSection(SolutionConfigurationPlatforms) = preSolution
		Debug|Any CPU = Debug|Any CPU
		Release|Any CPU = Release|Any CPU
	EndGlobalSection
	GlobalSection(ProjectConfigurationPlatforms) = postSolution
		{52501400-2D0A-484A-BD86-2E3A4C68CDA0}.Debug|Any CPU.ActiveCfg = Debug|Any CPU
		{52501400-2D0A-484A-BD86-2E3A4C68CDA0}.Debug|Any CPU.Build.0 = Debug|Any CPU
		{52501400-2D0A-484A-BD86-2E3A4C68CDA0}.Release|Any CPU.ActiveCfg = Release|Any CPU
		{52501400-2D0A-484A-BD86-2E3A4C68CDA0}.Release|Any CPU.Build.0 = Release|Any CPU
		{C595EEF8-0E9C-4F56-8E55-08B9980652BD}.Debug|Any CPU.ActiveCfg = Debug|Any CPU
		{C595EEF8-0E9C-4F56-8E55-08B9980652BD}.Debug|Any CPU.Build.0 = Debug|Any CPU
		{C595EEF8-0E9C-4F56-8E55-08B9980652BD}.Release|Any CPU.ActiveCfg = Release|Any CPU
		{C595EEF8-0E9C-4F56-8E55-08B9980652BD}.Release|Any CPU.Build.0 = Release|Any CPU
	EndGlobalSection
	GlobalSection(SolutionProperties) = preSolution
		HideSolutionNode = FALSE
	EndGlobalSection
	GlobalSection(ExtensibilityGlobals) = postSolution
		SolutionGuid = {5A37C987-0AE3-48B5-826F-36979F8B3EB1}
	EndGlobalSection
EndGlobal
